// !$*UTF8*$!
{
	archiveVersion = 1;
	classes = {
	};
	objectVersion = 56;
	objects = {

/* Begin PBXBuildFile section */
		08E333A52A3A331A007B536B /* Lesson_4_03App.swift in Sources */ = {isa = PBXBuildFile; fileRef = 08E333A42A3A331A007B536B /* Lesson_4_03App.swift */; };
		08E333A72A3A331A007B536B /* ContentView.swift in Sources */ = {isa = PBXBuildFile; fileRef = 08E333A62A3A331A007B536B /* ContentView.swift */; };
		08E333A92A3A331B007B536B /* Assets.xcassets in Resources */ = {isa = PBXBuildFile; fileRef = 08E333A82A3A331B007B536B /* Assets.xcassets */; };
		08E333AC2A3A331B007B536B /* Preview Assets.xcassets in Resources */ = {isa = PBXBuildFile; fileRef = 08E333AB2A3A331B007B536B /* Preview Assets.xcassets */; };
		08E333B32A3A389B007B536B /* TimerCounter.swift in Sources */ = {isa = PBXBuildFile; fileRef = 08E333B22A3A389B007B536B /* TimerCounter.swift */; };
		08E333B52A3A3F18007B536B /* LoginView.swift in Sources */ = {isa = PBXBuildFile; fileRef = 08E333B42A3A3F18007B536B /* LoginView.swift */; };
		08E333B72A3A3FF9007B536B /* UserSettings.swift in Sources */ = {isa = PBXBuildFile; fileRef = 08E333B62A3A3FF9007B536B /* UserSettings.swift */; };
		08E333B92A3A4116007B536B /* RootView.swift in Sources */ = {isa = PBXBuildFile; fileRef = 08E333B82A3A4116007B536B /* RootView.swift */; };
		08E333BB2A3DF782007B536B /* TimerButtonView.swift in Sources */ = {isa = PBXBuildFile; fileRef = 08E333BA2A3DF782007B536B /* TimerButtonView.swift */; };
		08E333BD2A3E00C7007B536B /* LoginButtonView.swift in Sources */ = {isa = PBXBuildFile; fileRef = 08E333BC2A3E00C7007B536B /* LoginButtonView.swift */; };
		08E333BF2A3E0727007B536B /* TextFieldView.swift in Sources */ = {isa = PBXBuildFile; fileRef = 08E333BE2A3E0727007B536B /* TextFieldView.swift */; };
		08E333C12A3E1980007B536B /* LogoutButtonView.swift in Sources */ = {isa = PBXBuildFile; fileRef = 08E333C02A3E1980007B536B /* LogoutButtonView.swift */; };
		08E333C52A3E25E1007B536B /* StorageManager.swift in Sources */ = {isa = PBXBuildFile; fileRef = 08E333C42A3E25E1007B536B /* StorageManager.swift */; };
/* End PBXBuildFile section */

/* Begin PBXFileReference section */
		08E333A12A3A331A007B536B /* Lesson 4.03.app */ = {isa = PBXFileReference; explicitFileType = wrapper.application; includeInIndex = 0; path = "Lesson 4.03.app"; sourceTree = BUILT_PRODUCTS_DIR; };
		08E333A42A3A331A007B536B /* Lesson_4_03App.swift */ = {isa = PBXFileReference; lastKnownFileType = sourcecode.swift; path = Lesson_4_03App.swift; sourceTree = "<group>"; };
		08E333A62A3A331A007B536B /* ContentView.swift */ = {isa = PBXFileReference; lastKnownFileType = sourcecode.swift; path = ContentView.swift; sourceTree = "<group>"; };
		08E333A82A3A331B007B536B /* Assets.xcassets */ = {isa = PBXFileReference; lastKnownFileType = folder.assetcatalog; path = Assets.xcassets; sourceTree = "<group>"; };
		08E333AB2A3A331B007B536B /* Preview Assets.xcassets */ = {isa = PBXFileReference; lastKnownFileType = folder.assetcatalog; path = "Preview Assets.xcassets"; sourceTree = "<group>"; };
		08E333B22A3A389B007B536B /* TimerCounter.swift */ = {isa = PBXFileReference; lastKnownFileType = sourcecode.swift; path = TimerCounter.swift; sourceTree = "<group>"; };
		08E333B42A3A3F18007B536B /* LoginView.swift */ = {isa = PBXFileReference; lastKnownFileType = sourcecode.swift; path = LoginView.swift; sourceTree = "<group>"; };
		08E333B62A3A3FF9007B536B /* UserSettings.swift */ = {isa = PBXFileReference; lastKnownFileType = sourcecode.swift; path = UserSettings.swift; sourceTree = "<group>"; };
		08E333B82A3A4116007B536B /* RootView.swift */ = {isa = PBXFileReference; lastKnownFileType = sourcecode.swift; path = RootView.swift; sourceTree = "<group>"; };
		08E333BA2A3DF782007B536B /* TimerButtonView.swift */ = {isa = PBXFileReference; lastKnownFileType = sourcecode.swift; path = TimerButtonView.swift; sourceTree = "<group>"; };
		08E333BC2A3E00C7007B536B /* LoginButtonView.swift */ = {isa = PBXFileReference; lastKnownFileType = sourcecode.swift; path = LoginButtonView.swift; sourceTree = "<group>"; };
		08E333BE2A3E0727007B536B /* TextFieldView.swift */ = {isa = PBXFileReference; lastKnownFileType = sourcecode.swift; path = TextFieldView.swift; sourceTree = "<group>"; };
		08E333C02A3E1980007B536B /* LogoutButtonView.swift */ = {isa = PBXFileReference; lastKnownFileType = sourcecode.swift; path = LogoutButtonView.swift; sourceTree = "<group>"; };
		08E333C42A3E25E1007B536B /* StorageManager.swift */ = {isa = PBXFileReference; lastKnownFileType = sourcecode.swift; path = StorageManager.swift; sourceTree = "<group>"; };
/* End PBXFileReference section */

/* Begin PBXFrameworksBuildPhase section */
		08E3339E2A3A331A007B536B /* Frameworks */ = {
			isa = PBXFrameworksBuildPhase;
			buildActionMask = 2147483647;
			files = (
			);
			runOnlyForDeploymentPostprocessing = 0;
		};
/* End PBXFrameworksBuildPhase section */

/* Begin PBXGroup section */
		08E333982A3A331A007B536B = {
			isa = PBXGroup;
			children = (
				08E333A32A3A331A007B536B /* Lesson 4.03 */,
				08E333A22A3A331A007B536B /* Products */,
			);
			sourceTree = "<group>";
		};
		08E333A22A3A331A007B536B /* Products */ = {
			isa = PBXGroup;
			children = (
				08E333A12A3A331A007B536B /* Lesson 4.03.app */,
			);
			name = Products;
			sourceTree = "<group>";
		};
		08E333A32A3A331A007B536B /* Lesson 4.03 */ = {
			isa = PBXGroup;
			children = (
				08E333A42A3A331A007B536B /* Lesson_4_03App.swift */,
				08E333A62A3A331A007B536B /* ContentView.swift */,
				08E333C02A3E1980007B536B /* LogoutButtonView.swift */,
				08E333BA2A3DF782007B536B /* TimerButtonView.swift */,
				08E333B42A3A3F18007B536B /* LoginView.swift */,
				08E333C42A3E25E1007B536B /* StorageManager.swift */,
				08E333BE2A3E0727007B536B /* TextFieldView.swift */,
				08E333BC2A3E00C7007B536B /* LoginButtonView.swift */,
				08E333B82A3A4116007B536B /* RootView.swift */,
				08E333B62A3A3FF9007B536B /* UserSettings.swift */,
				08E333B22A3A389B007B536B /* TimerCounter.swift */,
				08E333A82A3A331B007B536B /* Assets.xcassets */,
				08E333AA2A3A331B007B536B /* Preview Content */,
			);
			path = "Lesson 4.03";
			sourceTree = "<group>";
		};
		08E333AA2A3A331B007B536B /* Preview Content */ = {
			isa = PBXGroup;
			children = (
				08E333AB2A3A331B007B536B /* Preview Assets.xcassets */,
			);
			path = "Preview Content";
			sourceTree = "<group>";
		};
/* End PBXGroup section */

/* Begin PBXNativeTarget section */
		08E333A02A3A331A007B536B /* Lesson 4.03 */ = {
			isa = PBXNativeTarget;
			buildConfigurationList = 08E333AF2A3A331B007B536B /* Build configuration list for PBXNativeTarget "Lesson 4.03" */;
			buildPhases = (
				08E3339D2A3A331A007B536B /* Sources */,
				08E3339E2A3A331A007B536B /* Frameworks */,
				08E3339F2A3A331A007B536B /* Resources */,
			);
			buildRules = (
			);
			dependencies = (
			);
			name = "Lesson 4.03";
			productName = "Lesson 4.03";
			productReference = 08E333A12A3A331A007B536B /* Lesson 4.03.app */;
			productType = "com.apple.product-type.application";
		};
/* End PBXNativeTarget section */

/* Begin PBXProject section */
		08E333992A3A331A007B536B /* Project object */ = {
			isa = PBXProject;
			attributes = {
				BuildIndependentTargetsInParallel = 1;
				LastSwiftUpdateCheck = 1430;
				LastUpgradeCheck = 1430;
				TargetAttributes = {
					08E333A02A3A331A007B536B = {
						CreatedOnToolsVersion = 14.3.1;
					};
				};
			};
			buildConfigurationList = 08E3339C2A3A331A007B536B /* Build configuration list for PBXProject "Lesson 4.03" */;
			compatibilityVersion = "Xcode 14.0";
			developmentRegion = en;
			hasScannedForEncodings = 0;
			knownRegions = (
				en,
				Base,
			);
			mainGroup = 08E333982A3A331A007B536B;
			productRefGroup = 08E333A22A3A331A007B536B /* Products */;
			projectDirPath = "";
			projectRoot = "";
			targets = (
				08E333A02A3A331A007B536B /* Lesson 4.03 */,
			);
		};
/* End PBXProject section */

/* Begin PBXResourcesBuildPhase section */
		08E3339F2A3A331A007B536B /* Resources */ = {
			isa = PBXResourcesBuildPhase;
			buildActionMask = 2147483647;
			files = (
				08E333AC2A3A331B007B536B /* Preview Assets.xcassets in Resources */,
				08E333A92A3A331B007B536B /* Assets.xcassets in Resources */,
			);
			runOnlyForDeploymentPostprocessing = 0;
		};
/* End PBXResourcesBuildPhase section */

/* Begin PBXSourcesBuildPhase section */
		08E3339D2A3A331A007B536B /* Sources */ = {
			isa = PBXSourcesBuildPhase;
			buildActionMask = 2147483647;
			files = (
				08E333BD2A3E00C7007B536B /* LoginButtonView.swift in Sources */,
				08E333A72A3A331A007B536B /* ContentView.swift in Sources */,
				08E333C52A3E25E1007B536B /* StorageManager.swift in Sources */,
				08E333B32A3A389B007B536B /* TimerCounter.swift in Sources */,
				08E333B92A3A4116007B536B /* RootView.swift in Sources */,
				08E333B52A3A3F18007B536B /* LoginView.swift in Sources */,
				08E333B72A3A3FF9007B536B /* UserSettings.swift in Sources */,
				08E333C12A3E1980007B536B /* LogoutButtonView.swift in Sources */,
				08E333A52A3A331A007B536B /* Lesson_4_03App.swift in Sources */,
				08E333BB2A3DF782007B536B /* TimerButtonView.swift in Sources */,
				08E333BF2A3E0727007B536B /* TextFieldView.swift in Sources */,
			);
			runOnlyForDeploymentPostprocessing = 0;
		};
/* End PBXSourcesBuildPhase section */

/* Begin XCBuildConfiguration section */
		08E333AD2A3A331B007B536B /* Debug */ = {
			isa = XCBuildConfiguration;
			buildSettings = {
				ALWAYS_SEARCH_USER_PATHS = NO;
				CLANG_ANALYZER_NONNULL = YES;
				CLANG_ANALYZER_NUMBER_OBJECT_CONVERSION = YES_AGGRESSIVE;
				CLANG_CXX_LANGUAGE_STANDARD = "gnu++20";
				CLANG_ENABLE_MODULES = YES;
				CLANG_ENABLE_OBJC_ARC = YES;
				CLANG_ENABLE_OBJC_WEAK = YES;
				CLANG_WARN_BLOCK_CAPTURE_AUTORELEASING = YES;
				CLANG_WARN_BOOL_CONVERSION = YES;
				CLANG_WARN_COMMA = YES;
				CLANG_WARN_CONSTANT_CONVERSION = YES;
				CLANG_WARN_DEPRECATED_OBJC_IMPLEMENTATIONS = YES;
				CLANG_WARN_DIRECT_OBJC_ISA_USAGE = YES_ERROR;
				CLANG_WARN_DOCUMENTATION_COMMENTS = YES;
				CLANG_WARN_EMPTY_BODY = YES;
				CLANG_WARN_ENUM_CONVERSION = YES;
				CLANG_WARN_INFINITE_RECURSION = YES;
				CLANG_WARN_INT_CONVERSION = YES;
				CLANG_WARN_NON_LITERAL_NULL_CONVERSION = YES;
				CLANG_WARN_OBJC_IMPLICIT_RETAIN_SELF = YES;
				CLANG_WARN_OBJC_LITERAL_CONVERSION = YES;
				CLANG_WARN_OBJC_ROOT_CLASS = YES_ERROR;
				CLANG_WARN_QUOTED_INCLUDE_IN_FRAMEWORK_HEADER = YES;
				CLANG_WARN_RANGE_LOOP_ANALYSIS = YES;
				CLANG_WARN_STRICT_PROTOTYPES = YES;
				CLANG_WARN_SUSPICIOUS_MOVE = YES;
				CLANG_WARN_UNGUARDED_AVAILABILITY = YES_AGGRESSIVE;
				CLANG_WARN_UNREACHABLE_CODE = YES;
				CLANG_WARN__DUPLICATE_METHOD_MATCH = YES;
				COPY_PHASE_STRIP = NO;
				DEBUG_INFORMATION_FORMAT = dwarf;
				ENABLE_STRICT_OBJC_MSGSEND = YES;
				ENABLE_TESTABILITY = YES;
				GCC_C_LANGUAGE_STANDARD = gnu11;
				GCC_DYNAMIC_NO_PIC = NO;
				GCC_NO_COMMON_BLOCKS = YES;
				GCC_OPTIMIZATION_LEVEL = 0;
				GCC_PREPROCESSOR_DEFINITIONS = (
					"DEBUG=1",
					"$(inherited)",
				);
				GCC_WARN_64_TO_32_BIT_CONVERSION = YES;
				GCC_WARN_ABOUT_RETURN_TYPE = YES_ERROR;
				GCC_WARN_UNDECLARED_SELECTOR = YES;
				GCC_WARN_UNINITIALIZED_AUTOS = YES_AGGRESSIVE;
				GCC_WARN_UNUSED_FUNCTION = YES;
				GCC_WARN_UNUSED_VARIABLE = YES;
				IPHONEOS_DEPLOYMENT_TARGET = 16.4;
				MTL_ENABLE_DEBUG_INFO = INCLUDE_SOURCE;
				MTL_FAST_MATH = YES;
				ONLY_ACTIVE_ARCH = YES;
				SDKROOT = iphoneos;
				SWIFT_ACTIVE_COMPILATION_CONDITIONS = DEBUG;
				SWIFT_OPTIMIZATION_LEVEL = "-Onone";
			};
			name = Debug;
		};
		08E333AE2A3A331B007B536B /* Release */ = {
			isa = XCBuildConfiguration;
			buildSettings = {
				ALWAYS_SEARCH_USER_PATHS = NO;
				CLANG_ANALYZER_NONNULL = YES;
				CLANG_ANALYZER_NUMBER_OBJECT_CONVERSION = YES_AGGRESSIVE;
				CLANG_CXX_LANGUAGE_STANDARD = "gnu++20";
				CLANG_ENABLE_MODULES = YES;
				CLANG_ENABLE_OBJC_ARC = YES;
				CLANG_ENABLE_OBJC_WEAK = YES;
				CLANG_WARN_BLOCK_CAPTURE_AUTORELEASING = YES;
				CLANG_WARN_BOOL_CONVERSION = YES;
				CLANG_WARN_COMMA = YES;
				CLANG_WARN_CONSTANT_CONVERSION = YES;
				CLANG_WARN_DEPRECATED_OBJC_IMPLEMENTATIONS = YES;
				CLANG_WARN_DIRECT_OBJC_ISA_USAGE = YES_ERROR;
				CLANG_WARN_DOCUMENTATION_COMMENTS = YES;
				CLANG_WARN_EMPTY_BODY = YES;
				CLANG_WARN_ENUM_CONVERSION = YES;
				CLANG_WARN_INFINITE_RECURSION = YES;
				CLANG_WARN_INT_CONVERSION = YES;
				CLANG_WARN_NON_LITERAL_NULL_CONVERSION = YES;
				CLANG_WARN_OBJC_IMPLICIT_RETAIN_SELF = YES;
				CLANG_WARN_OBJC_LITERAL_CONVERSION = YES;
				CLANG_WARN_OBJC_ROOT_CLASS = YES_ERROR;
				CLANG_WARN_QUOTED_INCLUDE_IN_FRAMEWORK_HEADER = YES;
				CLANG_WARN_RANGE_LOOP_ANALYSIS = YES;
				CLANG_WARN_STRICT_PROTOTYPES = YES;
				CLANG_WARN_SUSPICIOUS_MOVE = YES;
				CLANG_WARN_UNGUARDED_AVAILABILITY = YES_AGGRESSIVE;
				CLANG_WARN_UNREACHABLE_CODE = YES;
				CLANG_WARN__DUPLICATE_METHOD_MATCH = YES;
				COPY_PHASE_STRIP = NO;
				DEBUG_INFORMATION_FORMAT = "dwarf-with-dsym";
				ENABLE_NS_ASSERTIONS = NO;
				ENABLE_STRICT_OBJC_MSGSEND = YES;
				GCC_C_LANGUAGE_STANDARD = gnu11;
				GCC_NO_COMMON_BLOCKS = YES;
				GCC_WARN_64_TO_32_BIT_CONVERSION = YES;
				GCC_WARN_ABOUT_RETURN_TYPE = YES_ERROR;
				GCC_WARN_UNDECLARED_SELECTOR = YES;
				GCC_WARN_UNINITIALIZED_AUTOS = YES_AGGRESSIVE;
				GCC_WARN_UNUSED_FUNCTION = YES;
				GCC_WARN_UNUSED_VARIABLE = YES;
				IPHONEOS_DEPLOYMENT_TARGET = 16.4;
				MTL_ENABLE_DEBUG_INFO = NO;
				MTL_FAST_MATH = YES;
				SDKROOT = iphoneos;
				SWIFT_COMPILATION_MODE = wholemodule;
				SWIFT_OPTIMIZATION_LEVEL = "-O";
				VALIDATE_PRODUCT = YES;
			};
			name = Release;
		};
		08E333B02A3A331B007B536B /* Debug */ = {
			isa = XCBuildConfiguration;
			buildSettings = {
				ASSETCATALOG_COMPILER_APPICON_NAME = AppIcon;
				ASSETCATALOG_COMPILER_GLOBAL_ACCENT_COLOR_NAME = AccentColor;
				CODE_SIGN_STYLE = Automatic;
				CURRENT_PROJECT_VERSION = 1;
				DEVELOPMENT_ASSET_PATHS = "\"Lesson 4.03/Preview Content\"";
				DEVELOPMENT_TEAM = NCB777A2J8;
				ENABLE_PREVIEWS = YES;
				GENERATE_INFOPLIST_FILE = YES;
				INFOPLIST_KEY_UIApplicationSceneManifest_Generation = YES;
				INFOPLIST_KEY_UIApplicationSupportsIndirectInputEvents = YES;
				INFOPLIST_KEY_UILaunchScreen_Generation = YES;
				INFOPLIST_KEY_UISupportedInterfaceOrientations_iPad = "UIInterfaceOrientationPortrait UIInterfaceOrientationPortraitUpsideDown UIInterfaceOrientationLandscapeLeft UIInterfaceOrientationLandscapeRight";
				INFOPLIST_KEY_UISupportedInterfaceOrientations_iPhone = "UIInterfaceOrientationPortrait UIInterfaceOrientationLandscapeLeft UIInterfaceOrientationLandscapeRight";
				LD_RUNPATH_SEARCH_PATHS = (
					"$(inherited)",
					"@executable_path/Frameworks",
				);
				MARKETING_VERSION = 1.0;
				PRODUCT_BUNDLE_IDENTIFIER = "Alikexie.Lesson-4-03";
				PRODUCT_NAME = "$(TARGET_NAME)";
				SWIFT_EMIT_LOC_STRINGS = YES;
				SWIFT_VERSION = 5.0;
				TARGETED_DEVICE_FAMILY = "1,2";
			};
			name = Debug;
		};
		08E333B12A3A331B007B536B /* Release */ = {
			isa = XCBuildConfiguration;
			buildSettings = {
				ASSETCATALOG_COMPILER_APPICON_NAME = AppIcon;
				ASSETCATALOG_COMPILER_GLOBAL_ACCENT_COLOR_NAME = AccentColor;
				CODE_SIGN_STYLE = Automatic;
				CURRENT_PROJECT_VERSION = 1;
				DEVELOPMENT_ASSET_PATHS = "\"Lesson 4.03/Preview Content\"";
				DEVELOPMENT_TEAM = NCB777A2J8;
				ENABLE_PREVIEWS = YES;
				GENERATE_INFOPLIST_FILE = YES;
				INFOPLIST_KEY_UIApplicationSceneManifest_Generation = YES;
				INFOPLIST_KEY_UIApplicationSupportsIndirectInputEvents = YES;
				INFOPLIST_KEY_UILaunchScreen_Generation = YES;
				INFOPLIST_KEY_UISupportedInterfaceOrientations_iPad = "UIInterfaceOrientationPortrait UIInterfaceOrientationPortraitUpsideDown UIInterfaceOrientationLandscapeLeft UIInterfaceOrientationLandscapeRight";
				INFOPLIST_KEY_UISupportedInterfaceOrientations_iPhone = "UIInterfaceOrientationPortrait UIInterfaceOrientationLandscapeLeft UIInterfaceOrientationLandscapeRight";
				LD_RUNPATH_SEARCH_PATHS = (
					"$(inherited)",
					"@executable_path/Frameworks",
				);
				MARKETING_VERSION = 1.0;
				PRODUCT_BUNDLE_IDENTIFIER = "Alikexie.Lesson-4-03";
				PRODUCT_NAME = "$(TARGET_NAME)";
				SWIFT_EMIT_LOC_STRINGS = YES;
				SWIFT_VERSION = 5.0;
				TARGETED_DEVICE_FAMILY = "1,2";
			};
			name = Release;
		};
/* End XCBuildConfiguration section */

/* Begin XCConfigurationList section */
		08E3339C2A3A331A007B536B /* Build configuration list for PBXProject "Lesson 4.03" */ = {
			isa = XCConfigurationList;
			buildConfigurations = (
				08E333AD2A3A331B007B536B /* Debug */,
				08E333AE2A3A331B007B536B /* Release */,
			);
			defaultConfigurationIsVisible = 0;
			defaultConfigurationName = Release;
		};
		08E333AF2A3A331B007B536B /* Build configuration list for PBXNativeTarget "Lesson 4.03" */ = {
			isa = XCConfigurationList;
			buildConfigurations = (
				08E333B02A3A331B007B536B /* Debug */,
				08E333B12A3A331B007B536B /* Release */,
			);
			defaultConfigurationIsVisible = 0;
			defaultConfigurationName = Release;
		};
/* End XCConfigurationList section */
	};
	rootObject = 08E333992A3A331A007B536B /* Project object */;
}
